
Microsoft Visual Studio Solution File, Format Version 12.00
# Visual Studio Version 17
VisualStudioVersion = 17.4.33103.184
MinimumVisualStudioVersion = 10.0.40219.1
Project("{FAE04EC0-301F-11D3-BF4B-00C04F79EFBC}") = "CompanyEmployees", "CompanyEmployees\CompanyEmployees.csproj", "{72B7727A-26F9-408D-86C9-9EF7C962808A}"
EndProject
Global
	GlobalSection(SolutionConfigurationPlatforms) = preSolution
		Debug|Any CPU = Debug|Any CPU
		Release|Any CPU = Release|Any CPU
	EndGlobalSection
	GlobalSection(ProjectConfigurationPlatforms) = postSolution
		{72B7727A-26F9-408D-86C9-9EF7C962808A}.Debug|Any CPU.ActiveCfg = Debug|Any CPU
		{72B7727A-26F9-408D-86C9-9EF7C962808A}.Debug|Any CPU.Build.0 = Debug|Any CPU
		{72B7727A-26F9-408D-86C9-9EF7C962808A}.Release|Any CPU.ActiveCfg = Release|Any CPU
		{72B7727A-26F9-408D-86C9-9EF7C962808A}.Release|Any CPU.Build.0 = Release|Any CPU
	EndGlobalSection
	GlobalSection(SolutionProperties) = preSolution
		HideSolutionNode = FALSE
	EndGlobalSection
	GlobalSection(ExtensibilityGlobals) = postSolution
		SolutionGuid = {E663A1ED-82D1-4272-93D2-1FCF1D7FECFB}
	EndGlobalSection
EndGlobal
